<?xml version="1.0" encoding="utf-8"?>
<Project ToolsVersion="4.0" xmlns="http://schemas.microsoft.com/developer/msbuild/2003">
  <ItemGroup>
    <Filter Include="Source Files">
      <UniqueIdentifier>{4FC737F1-C7A5-4376-A066-2A32D752A2FF}</UniqueIdentifier>
      <Extensions>cpp;c;cc;cxx;def;odl;idl;hpj;bat;asm;asmx</Extensions>
    </Filter>
    <Filter Include="Header Files">
      <UniqueIdentifier>{93995380-89BD-4b04-88EB-625FBE52EBFB}</UniqueIdentifier>
      <Extensions>h;hpp;hxx;hm;inl;inc;xsd</Extensions>
    </Filter>
    <Filter Include="Resource Files">
      <UniqueIdentifier>{67DA6AB6-F800-4c08-8B7A-83BB121AAD01}</UniqueIdentifier>
      <Extensions>rc;ico;cur;bmp;dlg;rc2;rct;bin;rgs;gif;jpg;jpeg;jpe;resx;tiff;tif;png;wav;mfcribbon-ms</Extensions>
    </Filter>
    <Filter Include="Tests">
      <UniqueIdentifier>{15d13736-ed4a-44de-9087-5e5ad6b806fc}</UniqueIdentifier>
      <Extensions>*Test.*</Extensions>
    </Filter>
  </ItemGroup>
  <ItemGroup>
    <None Include="ReadMe.txt" />
    <None Include="ClassDiagram1.cd" />
    <None Include="ClassDiagram2.cd" />
    <None Include="ClassDiagram3.cd" />
  </ItemGroup>
  <ItemGroup>
    <ClInclude Include="stdafx.h">
      <Filter>Header Files</Filter>
    </ClInclude>
    <ClInclude Include="targetver.h">
      <Filter>Header Files</Filter>
    </ClInclude>
    <ClInclude Include="GameSquare.h">
      <Filter>Header Files</Filter>
    </ClInclude>
    <ClInclude Include="GameBoard.h">
      <Filter>Header Files</Filter>
    </ClInclude>
    <ClInclude Include="Mark.h">
      <Filter>Header Files</Filter>
    </ClInclude>
    <ClInclude Include="Direction.h">
      <Filter>Header Files</Filter>
    </ClInclude>
    <ClInclude Include="Player.h">
      <Filter>Header Files</Filter>
    </ClInclude>
    <ClInclude Include="GameType.h">
      <Filter>Header Files</Filter>
    </ClInclude>
    <ClInclude Include="Position.h">
      <Filter>Header Files</Filter>
    </ClInclude>
    <ClInclude Include="GameParameters.h">
      <Filter>Header Files</Filter>
    </ClInclude>
    <ClInclude Include="GameResults.h">
      <Filter>Header Files</Filter>
    </ClInclude>
    <ClInclude Include="resource.h">
      <Filter>Header Files</Filter>
    </ClInclude>
    <ClInclude Include="GameSquareTest.h">
      <Filter>Tests</Filter>
    </ClInclude>
    <ClInclude Include="GameBoardTest.h">
      <Filter>Tests</Filter>
    </ClInclude>
    <ClInclude Include="GameTypeTest.h">
      <Filter>Tests</Filter>
    </ClInclude>
    <ClInclude Include="GameParametersTest.h">
      <Filter>Tests</Filter>
    </ClInclude>
    <ClInclude Include="PlayerHelper.h">
      <Filter>Header Files</Filter>
    </ClInclude>
    <ClInclude Include="GameTypeHelper.h">
      <Filter>Header Files</Filter>
    </ClInclude>
    <ClInclude Include="GameParametersHelper.h">
      <Filter>Header Files</Filter>
    </ClInclude>
    <ClInclude Include="GitTest.h">
      <Filter>Header Files</Filter>
    </ClInclude>
    <ClInclude Include="ArrayT.h">
      <Filter>Header Files</Filter>
    </ClInclude>
    <ClInclude Include="GridT.h">
      <Filter>Header Files</Filter>
    </ClInclude>
    <ClInclude Include="GridTHelper.h">
      <Filter>Header Files</Filter>
    </ClInclude>
    <ClInclude Include="ArrayTHelper.h">
      <Filter>Header Files</Filter>
    </ClInclude>
  </ItemGroup>
  <ItemGroup>
    <ClCompile Include="stdafx.cpp">
      <Filter>Source Files</Filter>
    </ClCompile>
    <ClCompile Include="Game.cpp">
      <Filter>Source Files</Filter>
    </ClCompile>
    <ClCompile Include="GameSquare.cpp">
      <Filter>Source Files</Filter>
    </ClCompile>
    <ClCompile Include="GameBoard.cpp">
      <Filter>Source Files</Filter>
    </ClCompile>
    <ClCompile Include="Player.cpp">
      <Filter>Source Files</Filter>
    </ClCompile>
    <ClCompile Include="GameType.cpp">
      <Filter>Source Files</Filter>
    </ClCompile>
    <ClCompile Include="Position.cpp">
      <Filter>Source Files</Filter>
    </ClCompile>
    <ClCompile Include="GameParameters.cpp">
      <Filter>Source Files</Filter>
    </ClCompile>
    <ClCompile Include="GameResults.cpp">
      <Filter>Source Files</Filter>
    </ClCompile>
    <ClCompile Include="GameSquareTest.cpp">
      <Filter>Tests</Filter>
    </ClCompile>
    <ClCompile Include="GameBoardTest.cpp">
      <Filter>Tests</Filter>
    </ClCompile>
    <ClCompile Include="GameTypeTest.cpp">
      <Filter>Tests</Filter>
    </ClCompile>
    <ClCompile Include="GameParametersTest.cpp">
      <Filter>Tests</Filter>
    </ClCompile>
    <ClCompile Include="PlayerHelper.cpp">
      <Filter>Source Files</Filter>
    </ClCompile>
    <ClCompile Include="GameTypeHelper.cpp">
      <Filter>Source Files</Filter>
    </ClCompile>
    <ClCompile Include="GameParametersHelper.cpp">
      <Filter>Source Files</Filter>
    </ClCompile>
  </ItemGroup>
  <ItemGroup>
    <ResourceCompile Include="Game.rc">
      <Filter>Resource Files</Filter>
    </ResourceCompile>
  </ItemGroup>
</Project>